
Microsoft Visual Studio Solution File, Format Version 12.00
# Visual Studio Version 17
VisualStudioVersion = 17.7.34202.233
MinimumVisualStudioVersion = 10.0.40219.1
Project("{FAE04EC0-301F-11D3-BF4B-00C04F79EFBC}") = "Kino.Mobile", "Kino.Mobile\Kino.Mobile.csproj", "{70992D07-EF43-4500-ADC3-78684A498A5E}"
EndProject
Project("{FAE04EC0-301F-11D3-BF4B-00C04F79EFBC}") = "Kino.Api", "Kino.Api\Kino.Api.csproj", "{28654A20-08B7-41F5-B045-010A7A22F38D}"
EndProject
Project("{FAE04EC0-301F-11D3-BF4B-00C04F79EFBC}") = "Kino.ApiClient", "Kino.ApiClient\Kino.ApiClient.csproj", "{E36AD333-496B-4F82-87C3-0ABBB41ECC56}"
EndProject
Project("{2150E333-8FDC-42A3-9474-1A3956D46DE8}") = "Solution Items", "Solution Items", "{BB51B257-560D-4C58-B5ED-190E1657B328}"
	ProjectSection(SolutionItems) = preProject
		docker-compose.yml = docker-compose.yml
		api.env = api.env
		api.env.example = api.env.example
	EndProjectSection
EndProject
Project("{FAE04EC0-301F-11D3-BF4B-00C04F79EFBC}") = "Kino.Domain", "Kino.Domain\Kino.Domain.csproj", "{58404D5C-1D23-4BA8-8022-8C679F224CD3}"
EndProject
Project("{FAE04EC0-301F-11D3-BF4B-00C04F79EFBC}") = "Kino.Desktop", "Kino.Desktop\Kino.Desktop.csproj", "{3A70542F-EC14-4678-ACA6-6C8EA8AD0701}"
EndProject
Global
	GlobalSection(SolutionConfigurationPlatforms) = preSolution
		Debug|Any CPU = Debug|Any CPU
		Release|Any CPU = Release|Any CPU
	EndGlobalSection
	GlobalSection(ProjectConfigurationPlatforms) = postSolution
		{70992D07-EF43-4500-ADC3-78684A498A5E}.Debug|Any CPU.ActiveCfg = Debug|Any CPU
		{70992D07-EF43-4500-ADC3-78684A498A5E}.Debug|Any CPU.Build.0 = Debug|Any CPU
		{70992D07-EF43-4500-ADC3-78684A498A5E}.Debug|Any CPU.Deploy.0 = Debug|Any CPU
		{70992D07-EF43-4500-ADC3-78684A498A5E}.Release|Any CPU.ActiveCfg = Release|Any CPU
		{70992D07-EF43-4500-ADC3-78684A498A5E}.Release|Any CPU.Build.0 = Release|Any CPU
		{70992D07-EF43-4500-ADC3-78684A498A5E}.Release|Any CPU.Deploy.0 = Release|Any CPU
		{28654A20-08B7-41F5-B045-010A7A22F38D}.Debug|Any CPU.ActiveCfg = Debug|Any CPU
		{28654A20-08B7-41F5-B045-010A7A22F38D}.Debug|Any CPU.Build.0 = Debug|Any CPU
		{28654A20-08B7-41F5-B045-010A7A22F38D}.Release|Any CPU.ActiveCfg = Release|Any CPU
		{28654A20-08B7-41F5-B045-010A7A22F38D}.Release|Any CPU.Build.0 = Release|Any CPU
		{E36AD333-496B-4F82-87C3-0ABBB41ECC56}.Debug|Any CPU.ActiveCfg = Debug|Any CPU
		{E36AD333-496B-4F82-87C3-0ABBB41ECC56}.Debug|Any CPU.Build.0 = Debug|Any CPU
		{E36AD333-496B-4F82-87C3-0ABBB41ECC56}.Release|Any CPU.ActiveCfg = Release|Any CPU
		{E36AD333-496B-4F82-87C3-0ABBB41ECC56}.Release|Any CPU.Build.0 = Release|Any CPU
		{58404D5C-1D23-4BA8-8022-8C679F224CD3}.Debug|Any CPU.ActiveCfg = Debug|Any CPU
		{58404D5C-1D23-4BA8-8022-8C679F224CD3}.Debug|Any CPU.Build.0 = Debug|Any CPU
		{58404D5C-1D23-4BA8-8022-8C679F224CD3}.Release|Any CPU.ActiveCfg = Release|Any CPU
		{58404D5C-1D23-4BA8-8022-8C679F224CD3}.Release|Any CPU.Build.0 = Release|Any CPU
		{3A70542F-EC14-4678-ACA6-6C8EA8AD0701}.Debug|Any CPU.ActiveCfg = Debug|Any CPU
		{3A70542F-EC14-4678-ACA6-6C8EA8AD0701}.Debug|Any CPU.Build.0 = Debug|Any CPU
		{3A70542F-EC14-4678-ACA6-6C8EA8AD0701}.Release|Any CPU.ActiveCfg = Release|Any CPU
		{3A70542F-EC14-4678-ACA6-6C8EA8AD0701}.Release|Any CPU.Build.0 = Release|Any CPU
	EndGlobalSection
	GlobalSection(SolutionProperties) = preSolution
		HideSolutionNode = FALSE
	EndGlobalSection
	GlobalSection(ExtensibilityGlobals) = postSolution
		SolutionGuid = {A9FA0E5F-2F7C-4540-BB29-16886A39D4EA}
	EndGlobalSection
EndGlobal
